
Microsoft Visual Studio Solution File, Format Version 12.00
# Visual Studio Version 16
VisualStudioVersion = 16.0.31624.102
MinimumVisualStudioVersion = 10.0.40219.1
Project("{FAE04EC0-301F-11D3-BF4B-00C04F79EFBC}") = "ConsoleApp2", "ConsoleApp2\ConsoleApp2.csproj", "{37C33DA4-16AC-4B84-865D-A20A8BE462F4}"
EndProject
Global
	GlobalSection(SolutionConfigurationPlatforms) = preSolution
		Debug|Any CPU = Debug|Any CPU
		Release|Any CPU = Release|Any CPU
	EndGlobalSection
	GlobalSection(ProjectConfigurationPlatforms) = postSolution
		{37C33DA4-16AC-4B84-865D-A20A8BE462F4}.Debug|Any CPU.ActiveCfg = Debug|Any CPU
		{37C33DA4-16AC-4B84-865D-A20A8BE462F4}.Debug|Any CPU.Build.0 = Debug|Any CPU
		{37C33DA4-16AC-4B84-865D-A20A8BE462F4}.Release|Any CPU.ActiveCfg = Release|Any CPU
		{37C33DA4-16AC-4B84-865D-A20A8BE462F4}.Release|Any CPU.Build.0 = Release|Any CPU
	EndGlobalSection
	GlobalSection(SolutionProperties) = preSolution
		HideSolutionNode = FALSE
	EndGlobalSection
	GlobalSection(ExtensibilityGlobals) = postSolution
		SolutionGuid = {3A49709A-70B2-42FF-A11C-CB62E7CC293E}
	EndGlobalSection
EndGlobal
